
Microsoft Visual Studio Solution File, Format Version 12.00
# Visual Studio Version 17
VisualStudioVersion = 17.2.32516.85
MinimumVisualStudioVersion = 10.0.40219.1
Project("{FAE04EC0-301F-11D3-BF4B-00C04F79EFBC}") = "MapStyleTranslator", "MapStyleTranslator\MapStyleTranslator.csproj", "{F81CE198-2183-428D-A353-C2492AF95AB3}"
EndProject
Global
	GlobalSection(SolutionConfigurationPlatforms) = preSolution
		Debug|Any CPU = Debug|Any CPU
		Release|Any CPU = Release|Any CPU
	EndGlobalSection
	GlobalSection(ProjectConfigurationPlatforms) = postSolution
		{F81CE198-2183-428D-A353-C2492AF95AB3}.Debug|Any CPU.ActiveCfg = Debug|Any CPU
		{F81CE198-2183-428D-A353-C2492AF95AB3}.Debug|Any CPU.Build.0 = Debug|Any CPU
		{F81CE198-2183-428D-A353-C2492AF95AB3}.Release|Any CPU.ActiveCfg = Release|Any CPU
		{F81CE198-2183-428D-A353-C2492AF95AB3}.Release|Any CPU.Build.0 = Release|Any CPU
	EndGlobalSection
	GlobalSection(SolutionProperties) = preSolution
		HideSolutionNode = FALSE
	EndGlobalSection
	GlobalSection(ExtensibilityGlobals) = postSolution
		SolutionGuid = {A2914B9D-D4B5-4AD5-8F62-F1B04DBD08C0}
	EndGlobalSection
EndGlobal
